PODS:
  - Flutter (1.0.0)
  - flutter_compass (0.0.1):
    - Flutter
  - flutter_qiblah (0.0.1):
    - Flutter
  - geolocator (6.2.0):
    - Flutter
  - shared_preferences (0.0.1):
    - Flutter
  - url_launcher (0.0.1):
    - Flutter

DEPENDENCIES:
  - Flutter (from `Flutter`)
  - flutter_compass (from `.symlinks/plugins/flutter_compass/ios`)
  - flutter_qiblah (from `.symlinks/plugins/flutter_qiblah/ios`)
  - geolocator (from `.symlinks/plugins/geolocator/ios`)
  - shared_preferences (from `.symlinks/plugins/shared_preferences/ios`)
  - url_launcher (from `.symlinks/plugins/url_launcher/ios`)

EXTERNAL SOURCES:
  Flutter:
    :path: Flutter
  flutter_compass:
    :path: ".symlinks/plugins/flutter_compass/ios"
  flutter_qiblah:
    :path: ".symlinks/plugins/flutter_qiblah/ios"
  geolocator:
    :path: ".symlinks/plugins/geolocator/ios"
  shared_preferences:
    :path: ".symlinks/plugins/shared_preferences/ios"
  url_launcher:
    :path: ".symlinks/plugins/url_launcher/ios"

SPEC CHECKSUMS:
  Flutter: 50d75fe2f02b26cc09d224853bb45737f8b3214a
  flutter_compass: cbbd285cea1584c7ac9c4e0c3e1f17cbea55e855
  flutter_qiblah: f69eeb708d127a2634073ab1f27771c979928f50
  geolocator: f5e3de65e241caba7ce3e8a618803387bda73384
  shared_preferences: af6bfa751691cdc24be3045c43ec037377ada40d
  url_launcher: 6fef411d543ceb26efce54b05a0a40bfd74cbbef

PODFILE CHECKSUM: aafe91acc616949ddb318b77800a7f51bffa2a4c

COCOAPODS: 1.10.1
